
Microsoft Visual Studio Solution File, Format Version 12.00
# Visual Studio Version 16
VisualStudioVersion = 16.0.31321.278
MinimumVisualStudioVersion = 10.0.40219.1
Project("{FAE04EC0-301F-11D3-BF4B-00C04F79EFBC}") = "Chirality", "Chirality.csproj", "{8EB6B1DA-2C01-46FB-BB0D-48DDA373FDA2}"
EndProject
Global
	GlobalSection(SolutionConfigurationPlatforms) = preSolution
		Debug|Any CPU = Debug|Any CPU
		Release|Any CPU = Release|Any CPU
	EndGlobalSection
	GlobalSection(ProjectConfigurationPlatforms) = postSolution
		{8EB6B1DA-2C01-46FB-BB0D-48DDA373FDA2}.Debug|Any CPU.ActiveCfg = Debug|Any CPU
		{8EB6B1DA-2C01-46FB-BB0D-48DDA373FDA2}.Debug|Any CPU.Build.0 = Debug|Any CPU
		{8EB6B1DA-2C01-46FB-BB0D-48DDA373FDA2}.Release|Any CPU.ActiveCfg = Release|Any CPU
		{8EB6B1DA-2C01-46FB-BB0D-48DDA373FDA2}.Release|Any CPU.Build.0 = Release|Any CPU
	EndGlobalSection
	GlobalSection(SolutionProperties) = preSolution
		HideSolutionNode = FALSE
	EndGlobalSection
	GlobalSection(ExtensibilityGlobals) = postSolution
		SolutionGuid = {977B80B1-96FD-4449-A186-CA700BD764A7}
	EndGlobalSection
EndGlobal
